
Microsoft Visual Studio Solution File, Format Version 12.00
# Visual Studio Version 17
VisualStudioVersion = 17.6.33815.320
MinimumVisualStudioVersion = 10.0.40219.1
Project("{FAE04EC0-301F-11D3-BF4B-00C04F79EFBC}") = "MQTT.Broker", "MQTT.Broker\MQTT.Broker.csproj", "{94328ED4-953E-4828-B822-0FAF1A0D7780}"
EndProject
Project("{FAE04EC0-301F-11D3-BF4B-00C04F79EFBC}") = "MQTT.Publisher", "MQTT.Publisher\MQTT.Publisher.csproj", "{99AA404B-B630-4BB2-B06D-9044B8FE049D}"
EndProject
Project("{FAE04EC0-301F-11D3-BF4B-00C04F79EFBC}") = "MQTT.Subscriber", "MQTT.Subscriber\MQTT.Subscriber.csproj", "{3972EB9C-1308-49C9-8E95-A0308F918BBB}"
EndProject
Global
	GlobalSection(SolutionConfigurationPlatforms) = preSolution
		Debug|Any CPU = Debug|Any CPU
		Release|Any CPU = Release|Any CPU
	EndGlobalSection
	GlobalSection(ProjectConfigurationPlatforms) = postSolution
		{94328ED4-953E-4828-B822-0FAF1A0D7780}.Debug|Any CPU.ActiveCfg = Debug|Any CPU
		{94328ED4-953E-4828-B822-0FAF1A0D7780}.Debug|Any CPU.Build.0 = Debug|Any CPU
		{94328ED4-953E-4828-B822-0FAF1A0D7780}.Release|Any CPU.ActiveCfg = Release|Any CPU
		{94328ED4-953E-4828-B822-0FAF1A0D7780}.Release|Any CPU.Build.0 = Release|Any CPU
		{99AA404B-B630-4BB2-B06D-9044B8FE049D}.Debug|Any CPU.ActiveCfg = Debug|Any CPU
		{99AA404B-B630-4BB2-B06D-9044B8FE049D}.Debug|Any CPU.Build.0 = Debug|Any CPU
		{99AA404B-B630-4BB2-B06D-9044B8FE049D}.Release|Any CPU.ActiveCfg = Release|Any CPU
		{99AA404B-B630-4BB2-B06D-9044B8FE049D}.Release|Any CPU.Build.0 = Release|Any CPU
		{3972EB9C-1308-49C9-8E95-A0308F918BBB}.Debug|Any CPU.ActiveCfg = Debug|Any CPU
		{3972EB9C-1308-49C9-8E95-A0308F918BBB}.Debug|Any CPU.Build.0 = Debug|Any CPU
		{3972EB9C-1308-49C9-8E95-A0308F918BBB}.Release|Any CPU.ActiveCfg = Release|Any CPU
		{3972EB9C-1308-49C9-8E95-A0308F918BBB}.Release|Any CPU.Build.0 = Release|Any CPU
	EndGlobalSection
	GlobalSection(SolutionProperties) = preSolution
		HideSolutionNode = FALSE
	EndGlobalSection
	GlobalSection(ExtensibilityGlobals) = postSolution
		SolutionGuid = {F339D708-ED91-4C01-9125-CDDE157BD6B7}
	EndGlobalSection
EndGlobal
